// !$*UTF8*$!
{
	archiveVersion = 1;
	classes = {
	};
	objectVersion = 50;
	objects = {

/* Begin PBXBuildFile section */
		5A907BAD2243527D00E9CF75 /* GoogleService-Info.plist in Resources */ = {isa = PBXBuildFile; fileRef = 5A907BAC2243527D00E9CF75 /* GoogleService-Info.plist */; };
		5A907BAF22440F9800E9CF75 /* MusicRequest.swift in Sources */ = {isa = PBXBuildFile; fileRef = 5A907BAE22440F9800E9CF75 /* MusicRequest.swift */; };
		5A907BB1224410E900E9CF75 /* HttpRequest.swift in Sources */ = {isa = PBXBuildFile; fileRef = 5A907BB0224410E900E9CF75 /* HttpRequest.swift */; };
		5A907BB42244AE8600E9CF75 /* APIKeys.swift in Sources */ = {isa = PBXBuildFile; fileRef = 5A907BB32244AE8600E9CF75 /* APIKeys.swift */; };
		5A907BB62244B22100E9CF75 /* keys.json in Resources */ = {isa = PBXBuildFile; fileRef = 5A907BB52244B22100E9CF75 /* keys.json */; };
		5A907BB8224556CB00E9CF75 /* CollectionViewCells.swift in Sources */ = {isa = PBXBuildFile; fileRef = 5A907BB7224556CB00E9CF75 /* CollectionViewCells.swift */; };
		5A907BBA2245F72C00E9CF75 /* Genre.swift in Sources */ = {isa = PBXBuildFile; fileRef = 5A907BB92245F72C00E9CF75 /* Genre.swift */; };
		5A907BBC2245F73400E9CF75 /* Song.swift in Sources */ = {isa = PBXBuildFile; fileRef = 5A907BBB2245F73400E9CF75 /* Song.swift */; };
		5A907BBE2245F73A00E9CF75 /* Artist.swift in Sources */ = {isa = PBXBuildFile; fileRef = 5A907BBD2245F73A00E9CF75 /* Artist.swift */; };
		5A907BC12245FA0600E9CF75 /* DataParsable.swift in Sources */ = {isa = PBXBuildFile; fileRef = 5A907BC02245FA0600E9CF75 /* DataParsable.swift */; };
		5A907BC32246867200E9CF75 /* SongsVC.swift in Sources */ = {isa = PBXBuildFile; fileRef = 5A907BC22246867100E9CF75 /* SongsVC.swift */; };
		5A9F4A6F21D6B02700731D7E /* AppDelegate.swift in Sources */ = {isa = PBXBuildFile; fileRef = 5A9F4A6E21D6B02700731D7E /* AppDelegate.swift */; };
		5A9F4A7121D6B02700731D7E /* GenresVC.swift in Sources */ = {isa = PBXBuildFile; fileRef = 5A9F4A7021D6B02700731D7E /* GenresVC.swift */; };
		5A9F4A7421D6B02700731D7E /* Main.storyboard in Resources */ = {isa = PBXBuildFile; fileRef = 5A9F4A7221D6B02700731D7E /* Main.storyboard */; };
		5A9F4A7621D6B02C00731D7E /* Assets.xcassets in Resources */ = {isa = PBXBuildFile; fileRef = 5A9F4A7521D6B02C00731D7E /* Assets.xcassets */; };
		5A9F4A7921D6B02C00731D7E /* LaunchScreen.storyboard in Resources */ = {isa = PBXBuildFile; fileRef = 5A9F4A7721D6B02C00731D7E /* LaunchScreen.storyboard */; };
		5A9F4A8421D6B02C00731D7E /* MusificationTests.swift in Sources */ = {isa = PBXBuildFile; fileRef = 5A9F4A8321D6B02C00731D7E /* MusificationTests.swift */; };
		5A9F4A8F21D6B02C00731D7E /* MusificationUITests.swift in Sources */ = {isa = PBXBuildFile; fileRef = 5A9F4A8E21D6B02C00731D7E /* MusificationUITests.swift */; };
		5A9F4A9D21D6B2E100731D7E /* Colors.swift in Sources */ = {isa = PBXBuildFile; fileRef = 5A9F4A9C21D6B2E100731D7E /* Colors.swift */; };
		5A9F4A9F21D7E81D00731D7E /* CustomToolbar.swift in Sources */ = {isa = PBXBuildFile; fileRef = 5A9F4A9E21D7E81D00731D7E /* CustomToolbar.swift */; };
		5AA0B7352246B1CB00965922 /* UIKitExtensions.swift in Sources */ = {isa = PBXBuildFile; fileRef = 5AA0B7342246B1CB00965922 /* UIKitExtensions.swift */; };
		5AB684482246E86200C8D2C1 /* Settings.swift in Sources */ = {isa = PBXBuildFile; fileRef = 5AB684472246E86200C8D2C1 /* Settings.swift */; };
		5AB6844C224F906E00C8D2C1 /* TrackArtistVC.swift in Sources */ = {isa = PBXBuildFile; fileRef = 5AB6844B224F906E00C8D2C1 /* TrackArtistVC.swift */; };
		5AD30D7B21E1578C0066BFA6 /* ArtistsVC.swift in Sources */ = {isa = PBXBuildFile; fileRef = 5AD30D7A21E1578C0066BFA6 /* ArtistsVC.swift */; };
		6389878444C99FEB5E2913F9 /* Pods_MusificationUITests.framework in Frameworks */ = {isa = PBXBuildFile; fileRef = 9F22F5540773FDC7EBEAAEBA /* Pods_MusificationUITests.framework */; };
		72B83A3A1B6352ACE318DFE7 /* Pods_MusificationTests.framework in Frameworks */ = {isa = PBXBuildFile; fileRef = 7CDC0489BA5A96745D740FCA /* Pods_MusificationTests.framework */; };
		85E516397E090D1F7DAEE17D /* Pods_Musification.framework in Frameworks */ = {isa = PBXBuildFile; fileRef = 0833DA275F10E656CB4921F7 /* Pods_Musification.framework */; };
/* End PBXBuildFile section */

/* Begin PBXContainerItemProxy section */
		5A9F4A8021D6B02C00731D7E /* PBXContainerItemProxy */ = {
			isa = PBXContainerItemProxy;
			containerPortal = 5A9F4A6321D6B02700731D7E /* Project object */;
			proxyType = 1;
			remoteGlobalIDString = 5A9F4A6A21D6B02700731D7E;
			remoteInfo = Musification;
		};
		5A9F4A8B21D6B02C00731D7E /* PBXContainerItemProxy */ = {
			isa = PBXContainerItemProxy;
			containerPortal = 5A9F4A6321D6B02700731D7E /* Project object */;
			proxyType = 1;
			remoteGlobalIDString = 5A9F4A6A21D6B02700731D7E;
			remoteInfo = Musification;
		};
/* End PBXContainerItemProxy section */

/* Begin PBXFileReference section */
		05EDEB325153B4AA09A4C730 /* Pods-MusificationTests.debug.xcconfig */ = {isa = PBXFileReference; includeInIndex = 1; lastKnownFileType = text.xcconfig; name = "Pods-MusificationTests.debug.xcconfig"; path = "Pods/Target Support Files/Pods-MusificationTests/Pods-MusificationTests.debug.xcconfig"; sourceTree = "<group>"; };
		0833DA275F10E656CB4921F7 /* Pods_Musification.framework */ = {isa = PBXFileReference; explicitFileType = wrapper.framework; includeInIndex = 0; path = Pods_Musification.framework; sourceTree = BUILT_PRODUCTS_DIR; };
		280DF19FE1CB34FC05715247 /* Pods-MusificationTests.release.xcconfig */ = {isa = PBXFileReference; includeInIndex = 1; lastKnownFileType = text.xcconfig; name = "Pods-MusificationTests.release.xcconfig"; path = "Pods/Target Support Files/Pods-MusificationTests/Pods-MusificationTests.release.xcconfig"; sourceTree = "<group>"; };
		5A907BAC2243527D00E9CF75 /* GoogleService-Info.plist */ = {isa = PBXFileReference; fileEncoding = 4; lastKnownFileType = text.plist.xml; path = "GoogleService-Info.plist"; sourceTree = "<group>"; };
		5A907BAE22440F9800E9CF75 /* MusicRequest.swift */ = {isa = PBXFileReference; lastKnownFileType = sourcecode.swift; path = MusicRequest.swift; sourceTree = "<group>"; };
		5A907BB0224410E900E9CF75 /* HttpRequest.swift */ = {isa = PBXFileReference; lastKnownFileType = sourcecode.swift; path = HttpRequest.swift; sourceTree = "<group>"; };
		5A907BB32244AE8600E9CF75 /* APIKeys.swift */ = {isa = PBXFileReference; lastKnownFileType = sourcecode.swift; path = APIKeys.swift; sourceTree = "<group>"; };
		5A907BB52244B22100E9CF75 /* keys.json */ = {isa = PBXFileReference; lastKnownFileType = text.json; path = keys.json; sourceTree = "<group>"; };
		5A907BB7224556CB00E9CF75 /* CollectionViewCells.swift */ = {isa = PBXFileReference; lastKnownFileType = sourcecode.swift; path = CollectionViewCells.swift; sourceTree = "<group>"; };
		5A907BB92245F72C00E9CF75 /* Genre.swift */ = {isa = PBXFileReference; lastKnownFileType = sourcecode.swift; path = Genre.swift; sourceTree = "<group>"; };
		5A907BBB2245F73400E9CF75 /* Song.swift */ = {isa = PBXFileReference; lastKnownFileType = sourcecode.swift; path = Song.swift; sourceTree = "<group>"; };
		5A907BBD2245F73A00E9CF75 /* Artist.swift */ = {isa = PBXFileReference; lastKnownFileType = sourcecode.swift; path = Artist.swift; sourceTree = "<group>"; };
		5A907BC02245FA0600E9CF75 /* DataParsable.swift */ = {isa = PBXFileReference; lastKnownFileType = sourcecode.swift; path = DataParsable.swift; sourceTree = "<group>"; };
		5A907BC22246867100E9CF75 /* SongsVC.swift */ = {isa = PBXFileReference; lastKnownFileType = sourcecode.swift; path = SongsVC.swift; sourceTree = "<group>"; };
		5A9F4A6B21D6B02700731D7E /* Musification.app */ = {isa = PBXFileReference; explicitFileType = wrapper.application; includeInIndex = 0; path = Musification.app; sourceTree = BUILT_PRODUCTS_DIR; };
		5A9F4A6E21D6B02700731D7E /* AppDelegate.swift */ = {isa = PBXFileReference; lastKnownFileType = sourcecode.swift; path = AppDelegate.swift; sourceTree = "<group>"; };
		5A9F4A7021D6B02700731D7E /* GenresVC.swift */ = {isa = PBXFileReference; lastKnownFileType = sourcecode.swift; path = GenresVC.swift; sourceTree = "<group>"; };
		5A9F4A7321D6B02700731D7E /* Base */ = {isa = PBXFileReference; lastKnownFileType = file.storyboard; name = Base; path = Base.lproj/Main.storyboard; sourceTree = "<group>"; };
		5A9F4A7521D6B02C00731D7E /* Assets.xcassets */ = {isa = PBXFileReference; lastKnownFileType = folder.assetcatalog; path = Assets.xcassets; sourceTree = "<group>"; };
		5A9F4A7821D6B02C00731D7E /* Base */ = {isa = PBXFileReference; lastKnownFileType = file.storyboard; name = Base; path = Base.lproj/LaunchScreen.storyboard; sourceTree = "<group>"; };
		5A9F4A7A21D6B02C00731D7E /* Info.plist */ = {isa = PBXFileReference; lastKnownFileType = text.plist.xml; path = Info.plist; sourceTree = "<group>"; };
		5A9F4A7F21D6B02C00731D7E /* MusificationTests.xctest */ = {isa = PBXFileReference; explicitFileType = wrapper.cfbundle; includeInIndex = 0; path = MusificationTests.xctest; sourceTree = BUILT_PRODUCTS_DIR; };
		5A9F4A8321D6B02C00731D7E /* MusificationTests.swift */ = {isa = PBXFileReference; lastKnownFileType = sourcecode.swift; path = MusificationTests.swift; sourceTree = "<group>"; };
		5A9F4A8521D6B02C00731D7E /* Info.plist */ = {isa = PBXFileReference; lastKnownFileType = text.plist.xml; path = Info.plist; sourceTree = "<group>"; };
		5A9F4A8A21D6B02C00731D7E /* MusificationUITests.xctest */ = {isa = PBXFileReference; explicitFileType = wrapper.cfbundle; includeInIndex = 0; path = MusificationUITests.xctest; sourceTree = BUILT_PRODUCTS_DIR; };
		5A9F4A8E21D6B02C00731D7E /* MusificationUITests.swift */ = {isa = PBXFileReference; lastKnownFileType = sourcecode.swift; path = MusificationUITests.swift; sourceTree = "<group>"; };
		5A9F4A9021D6B02C00731D7E /* Info.plist */ = {isa = PBXFileReference; lastKnownFileType = text.plist.xml; path = Info.plist; sourceTree = "<group>"; };
		5A9F4A9C21D6B2E100731D7E /* Colors.swift */ = {isa = PBXFileReference; lastKnownFileType = sourcecode.swift; path = Colors.swift; sourceTree = "<group>"; };
		5A9F4A9E21D7E81D00731D7E /* CustomToolbar.swift */ = {isa = PBXFileReference; lastKnownFileType = sourcecode.swift; path = CustomToolbar.swift; sourceTree = "<group>"; };
		5AA0B7342246B1CB00965922 /* UIKitExtensions.swift */ = {isa = PBXFileReference; lastKnownFileType = sourcecode.swift; path = UIKitExtensions.swift; sourceTree = "<group>"; };
		5AB684472246E86200C8D2C1 /* Settings.swift */ = {isa = PBXFileReference; lastKnownFileType = sourcecode.swift; path = Settings.swift; sourceTree = "<group>"; };
		5AB6844B224F906E00C8D2C1 /* TrackArtistVC.swift */ = {isa = PBXFileReference; lastKnownFileType = sourcecode.swift; path = TrackArtistVC.swift; sourceTree = "<group>"; };
		5AD30D7A21E1578C0066BFA6 /* ArtistsVC.swift */ = {isa = PBXFileReference; lastKnownFileType = sourcecode.swift; path = ArtistsVC.swift; sourceTree = "<group>"; };
		5DDC4CF409C79830F0C73ACB /* Pods-MusificationUITests.debug.xcconfig */ = {isa = PBXFileReference; includeInIndex = 1; lastKnownFileType = text.xcconfig; name = "Pods-MusificationUITests.debug.xcconfig"; path = "Pods/Target Support Files/Pods-MusificationUITests/Pods-MusificationUITests.debug.xcconfig"; sourceTree = "<group>"; };
		65FC3E1C374557814B9E8489 /* Pods-Musification.release.xcconfig */ = {isa = PBXFileReference; includeInIndex = 1; lastKnownFileType = text.xcconfig; name = "Pods-Musification.release.xcconfig"; path = "Pods/Target Support Files/Pods-Musification/Pods-Musification.release.xcconfig"; sourceTree = "<group>"; };
		7CDC0489BA5A96745D740FCA /* Pods_MusificationTests.framework */ = {isa = PBXFileReference; explicitFileType = wrapper.framework; includeInIndex = 0; path = Pods_MusificationTests.framework; sourceTree = BUILT_PRODUCTS_DIR; };
		9F22F5540773FDC7EBEAAEBA /* Pods_MusificationUITests.framework */ = {isa = PBXFileReference; explicitFileType = wrapper.framework; includeInIndex = 0; path = Pods_MusificationUITests.framework; sourceTree = BUILT_PRODUCTS_DIR; };
		B4CD3F92F59D1F67CEAA51F6 /* Pods-Musification.debug.xcconfig */ = {isa = PBXFileReference; includeInIndex = 1; lastKnownFileType = text.xcconfig; name = "Pods-Musification.debug.xcconfig"; path = "Pods/Target Support Files/Pods-Musification/Pods-Musification.debug.xcconfig"; sourceTree = "<group>"; };
		F1028044AC08515832092F8B /* Pods-MusificationUITests.release.xcconfig */ = {isa = PBXFileReference; includeInIndex = 1; lastKnownFileType = text.xcconfig; name = "Pods-MusificationUITests.release.xcconfig"; path = "Pods/Target Support Files/Pods-MusificationUITests/Pods-MusificationUITests.release.xcconfig"; sourceTree = "<group>"; };
/* End PBXFileReference section */

/* Begin PBXFrameworksBuildPhase section */
		5A9F4A6821D6B02700731D7E /* Frameworks */ = {
			isa = PBXFrameworksBuildPhase;
			buildActionMask = 2147483647;
			files = (
				85E516397E090D1F7DAEE17D /* Pods_Musification.framework in Frameworks */,
			);
			runOnlyForDeploymentPostprocessing = 0;
		};
		5A9F4A7C21D6B02C00731D7E /* Frameworks */ = {
			isa = PBXFrameworksBuildPhase;
			buildActionMask = 2147483647;
			files = (
				72B83A3A1B6352ACE318DFE7 /* Pods_MusificationTests.framework in Frameworks */,
			);
			runOnlyForDeploymentPostprocessing = 0;
		};
		5A9F4A8721D6B02C00731D7E /* Frameworks */ = {
			isa = PBXFrameworksBuildPhase;
			buildActionMask = 2147483647;
			files = (
				6389878444C99FEB5E2913F9 /* Pods_MusificationUITests.framework in Frameworks */,
			);
			runOnlyForDeploymentPostprocessing = 0;
		};
/* End PBXFrameworksBuildPhase section */

/* Begin PBXGroup section */
		5A907BB222448B8D00E9CF75 /* Requests */ = {
			isa = PBXGroup;
			children = (
				5A907BAE22440F9800E9CF75 /* MusicRequest.swift */,
				5A907BB0224410E900E9CF75 /* HttpRequest.swift */,
			);
			path = Requests;
			sourceTree = "<group>";
		};
		5A907BBF2245F74100E9CF75 /* Models */ = {
			isa = PBXGroup;
			children = (
				5A907BB92245F72C00E9CF75 /* Genre.swift */,
				5A907BBB2245F73400E9CF75 /* Song.swift */,
				5A907BBD2245F73A00E9CF75 /* Artist.swift */,
				5A907BC02245FA0600E9CF75 /* DataParsable.swift */,
				5AB684472246E86200C8D2C1 /* Settings.swift */,
				5A9F4A9C21D6B2E100731D7E /* Colors.swift */,
			);
			path = Models;
			sourceTree = "<group>";
		};
		5A9F4A6221D6B02700731D7E = {
			isa = PBXGroup;
			children = (
				5A907BB52244B22100E9CF75 /* keys.json */,
				5A9F4A6D21D6B02700731D7E /* Musification */,
				5A9F4A8221D6B02C00731D7E /* MusificationTests */,
				5A9F4A8D21D6B02C00731D7E /* MusificationUITests */,
				5A9F4A6C21D6B02700731D7E /* Products */,
				CB3FFA767E6CEB8097492434 /* Pods */,
				5BC060770DD0C3BAD9EC9A76 /* Frameworks */,
			);
			sourceTree = "<group>";
		};
		5A9F4A6C21D6B02700731D7E /* Products */ = {
			isa = PBXGroup;
			children = (
				5A9F4A6B21D6B02700731D7E /* Musification.app */,
				5A9F4A7F21D6B02C00731D7E /* MusificationTests.xctest */,
				5A9F4A8A21D6B02C00731D7E /* MusificationUITests.xctest */,
			);
			name = Products;
			sourceTree = "<group>";
		};
		5A9F4A6D21D6B02700731D7E /* Musification */ = {
			isa = PBXGroup;
			children = (
				5A9F4A6E21D6B02700731D7E /* AppDelegate.swift */,
				5A907BB32244AE8600E9CF75 /* APIKeys.swift */,
				5AB684462246E5B400C8D2C1 /* Controllers */,
				5A907BBF2245F74100E9CF75 /* Models */,
				5A907BB222448B8D00E9CF75 /* Requests */,
				5A9F4A7221D6B02700731D7E /* Main.storyboard */,
				5AA0B7342246B1CB00965922 /* UIKitExtensions.swift */,
				5A907BB7224556CB00E9CF75 /* CollectionViewCells.swift */,
				5A9F4A9E21D7E81D00731D7E /* CustomToolbar.swift */,
				5A9F4A7521D6B02C00731D7E /* Assets.xcassets */,
				5A907BAC2243527D00E9CF75 /* GoogleService-Info.plist */,
				5A9F4A7721D6B02C00731D7E /* LaunchScreen.storyboard */,
				5A9F4A7A21D6B02C00731D7E /* Info.plist */,
			);
			path = Musification;
			sourceTree = "<group>";
		};
		5A9F4A8221D6B02C00731D7E /* MusificationTests */ = {
			isa = PBXGroup;
			children = (
				5A9F4A8321D6B02C00731D7E /* MusificationTests.swift */,
				5A9F4A8521D6B02C00731D7E /* Info.plist */,
			);
			path = MusificationTests;
			sourceTree = "<group>";
		};
		5A9F4A8D21D6B02C00731D7E /* MusificationUITests */ = {
			isa = PBXGroup;
			children = (
				5A9F4A8E21D6B02C00731D7E /* MusificationUITests.swift */,
				5A9F4A9021D6B02C00731D7E /* Info.plist */,
			);
			path = MusificationUITests;
			sourceTree = "<group>";
		};
		5AB684462246E5B400C8D2C1 /* Controllers */ = {
			isa = PBXGroup;
			children = (
				5A9F4A7021D6B02700731D7E /* GenresVC.swift */,
				5AD30D7A21E1578C0066BFA6 /* ArtistsVC.swift */,
				5A907BC22246867100E9CF75 /* SongsVC.swift */,
				5AB6844B224F906E00C8D2C1 /* TrackArtistVC.swift */,
			);
			path = Controllers;
			sourceTree = "<group>";
		};
		5BC060770DD0C3BAD9EC9A76 /* Frameworks */ = {
			isa = PBXGroup;
			children = (
				0833DA275F10E656CB4921F7 /* Pods_Musification.framework */,
				7CDC0489BA5A96745D740FCA /* Pods_MusificationTests.framework */,
				9F22F5540773FDC7EBEAAEBA /* Pods_MusificationUITests.framework */,
			);
			name = Frameworks;
			sourceTree = "<group>";
		};
		CB3FFA767E6CEB8097492434 /* Pods */ = {
			isa = PBXGroup;
			children = (
				B4CD3F92F59D1F67CEAA51F6 /* Pods-Musification.debug.xcconfig */,
				65FC3E1C374557814B9E8489 /* Pods-Musification.release.xcconfig */,
				05EDEB325153B4AA09A4C730 /* Pods-MusificationTests.debug.xcconfig */,
				280DF19FE1CB34FC05715247 /* Pods-MusificationTests.release.xcconfig */,
				5DDC4CF409C79830F0C73ACB /* Pods-MusificationUITests.debug.xcconfig */,
				F1028044AC08515832092F8B /* Pods-MusificationUITests.release.xcconfig */,
			);
			name = Pods;
			sourceTree = "<group>";
		};
/* End PBXGroup section */

/* Begin PBXNativeTarget section */
		5A9F4A6A21D6B02700731D7E /* Musification */ = {
			isa = PBXNativeTarget;
			buildConfigurationList = 5A9F4A9321D6B02C00731D7E /* Build configuration list for PBXNativeTarget "Musification" */;
			buildPhases = (
				386DCB8C1145504FFF35BB60 /* [CP] Check Pods Manifest.lock */,
				5A9F4A6721D6B02700731D7E /* Sources */,
				5A9F4A6821D6B02700731D7E /* Frameworks */,
				5A9F4A6921D6B02700731D7E /* Resources */,
				9D398B89E1D9A926B71873E0 /* [CP] Embed Pods Frameworks */,
			);
			buildRules = (
			);
			dependencies = (
			);
			name = Musification;
			productName = Musification;
			productReference = 5A9F4A6B21D6B02700731D7E /* Musification.app */;
			productType = "com.apple.product-type.application";
		};
		5A9F4A7E21D6B02C00731D7E /* MusificationTests */ = {
			isa = PBXNativeTarget;
			buildConfigurationList = 5A9F4A9621D6B02C00731D7E /* Build configuration list for PBXNativeTarget "MusificationTests" */;
			buildPhases = (
				4EFE952197C27020F400024C /* [CP] Check Pods Manifest.lock */,
				5A9F4A7B21D6B02C00731D7E /* Sources */,
				5A9F4A7C21D6B02C00731D7E /* Frameworks */,
				5A9F4A7D21D6B02C00731D7E /* Resources */,
			);
			buildRules = (
			);
			dependencies = (
				5A9F4A8121D6B02C00731D7E /* PBXTargetDependency */,
			);
			name = MusificationTests;
			productName = MusificationTests;
			productReference = 5A9F4A7F21D6B02C00731D7E /* MusificationTests.xctest */;
			productType = "com.apple.product-type.bundle.unit-test";
		};
		5A9F4A8921D6B02C00731D7E /* MusificationUITests */ = {
			isa = PBXNativeTarget;
			buildConfigurationList = 5A9F4A9921D6B02C00731D7E /* Build configuration list for PBXNativeTarget "MusificationUITests" */;
			buildPhases = (
				661222E2DC13DB3B3DFED7F4 /* [CP] Check Pods Manifest.lock */,
				5A9F4A8621D6B02C00731D7E /* Sources */,
				5A9F4A8721D6B02C00731D7E /* Frameworks */,
				5A9F4A8821D6B02C00731D7E /* Resources */,
			);
			buildRules = (
			);
			dependencies = (
				5A9F4A8C21D6B02C00731D7E /* PBXTargetDependency */,
			);
			name = MusificationUITests;
			productName = MusificationUITests;
			productReference = 5A9F4A8A21D6B02C00731D7E /* MusificationUITests.xctest */;
			productType = "com.apple.product-type.bundle.ui-testing";
		};
/* End PBXNativeTarget section */

/* Begin PBXProject section */
		5A9F4A6321D6B02700731D7E /* Project object */ = {
			isa = PBXProject;
			attributes = {
				LastSwiftUpdateCheck = 1010;
				LastUpgradeCheck = 1010;
				ORGANIZATIONNAME = RahilPatel;
				TargetAttributes = {
					5A9F4A6A21D6B02700731D7E = {
						CreatedOnToolsVersion = 10.1;
					};
					5A9F4A7E21D6B02C00731D7E = {
						CreatedOnToolsVersion = 10.1;
						TestTargetID = 5A9F4A6A21D6B02700731D7E;
					};
					5A9F4A8921D6B02C00731D7E = {
						CreatedOnToolsVersion = 10.1;
						TestTargetID = 5A9F4A6A21D6B02700731D7E;
					};
				};
			};
			buildConfigurationList = 5A9F4A6621D6B02700731D7E /* Build configuration list for PBXProject "Musification" */;
			compatibilityVersion = "Xcode 9.3";
			developmentRegion = en;
			hasScannedForEncodings = 0;
			knownRegions = (
				en,
				Base,
			);
			mainGroup = 5A9F4A6221D6B02700731D7E;
			productRefGroup = 5A9F4A6C21D6B02700731D7E /* Products */;
			projectDirPath = "";
			projectRoot = "";
			targets = (
				5A9F4A6A21D6B02700731D7E /* Musification */,
				5A9F4A7E21D6B02C00731D7E /* MusificationTests */,
				5A9F4A8921D6B02C00731D7E /* MusificationUITests */,
			);
		};
/* End PBXProject section */

/* Begin PBXResourcesBuildPhase section */
		5A9F4A6921D6B02700731D7E /* Resources */ = {
			isa = PBXResourcesBuildPhase;
			buildActionMask = 2147483647;
			files = (
				5A907BB62244B22100E9CF75 /* keys.json in Resources */,
				5A9F4A7921D6B02C00731D7E /* LaunchScreen.storyboard in Resources */,
				5A907BAD2243527D00E9CF75 /* GoogleService-Info.plist in Resources */,
				5A9F4A7621D6B02C00731D7E /* Assets.xcassets in Resources */,
				5A9F4A7421D6B02700731D7E /* Main.storyboard in Resources */,
			);
			runOnlyForDeploymentPostprocessing = 0;
		};
		5A9F4A7D21D6B02C00731D7E /* Resources */ = {
			isa = PBXResourcesBuildPhase;
			buildActionMask = 2147483647;
			files = (
			);
			runOnlyForDeploymentPostprocessing = 0;
		};
		5A9F4A8821D6B02C00731D7E /* Resources */ = {
			isa = PBXResourcesBuildPhase;
			buildActionMask = 2147483647;
			files = (
			);
			runOnlyForDeploymentPostprocessing = 0;
		};
/* End PBXResourcesBuildPhase section */

/* Begin PBXShellScriptBuildPhase section */
		386DCB8C1145504FFF35BB60 /* [CP] Check Pods Manifest.lock */ = {
			isa = PBXShellScriptBuildPhase;
			buildActionMask = 2147483647;
			files = (
			);
			inputFileListPaths = (
			);
			inputPaths = (
				"${PODS_PODFILE_DIR_PATH}/Podfile.lock",
				"${PODS_ROOT}/Manifest.lock",
			);
			name = "[CP] Check Pods Manifest.lock";
			outputFileListPaths = (
			);
			outputPaths = (
				"$(DERIVED_FILE_DIR)/Pods-Musification-checkManifestLockResult.txt",
			);
			runOnlyForDeploymentPostprocessing = 0;
			shellPath = /bin/sh;
			shellScript = "diff \"${PODS_PODFILE_DIR_PATH}/Podfile.lock\" \"${PODS_ROOT}/Manifest.lock\" > /dev/null\nif [ $? != 0 ] ; then\n    # print error to STDERR\n    echo \"error: The sandbox is not in sync with the Podfile.lock. Run 'pod install' or update your CocoaPods installation.\" >&2\n    exit 1\nfi\n# This output is used by Xcode 'outputs' to avoid re-running this script phase.\necho \"SUCCESS\" > \"${SCRIPT_OUTPUT_FILE_0}\"\n";
			showEnvVarsInLog = 0;
		};
		4EFE952197C27020F400024C /* [CP] Check Pods Manifest.lock */ = {
			isa = PBXShellScriptBuildPhase;
			buildActionMask = 2147483647;
			files = (
			);
			inputFileListPaths = (
			);
			inputPaths = (
				"${PODS_PODFILE_DIR_PATH}/Podfile.lock",
				"${PODS_ROOT}/Manifest.lock",
			);
			name = "[CP] Check Pods Manifest.lock";
			outputFileListPaths = (
			);
			outputPaths = (
				"$(DERIVED_FILE_DIR)/Pods-MusificationTests-checkManifestLockResult.txt",
			);
			runOnlyForDeploymentPostprocessing = 0;
			shellPath = /bin/sh;
			shellScript = "diff \"${PODS_PODFILE_DIR_PATH}/Podfile.lock\" \"${PODS_ROOT}/Manifest.lock\" > /dev/null\nif [ $? != 0 ] ; then\n    # print error to STDERR\n    echo \"error: The sandbox is not in sync with the Podfile.lock. Run 'pod install' or update your CocoaPods installation.\" >&2\n    exit 1\nfi\n# This output is used by Xcode 'outputs' to avoid re-running this script phase.\necho \"SUCCESS\" > \"${SCRIPT_OUTPUT_FILE_0}\"\n";
			showEnvVarsInLog = 0;
		};
		661222E2DC13DB3B3DFED7F4 /* [CP] Check Pods Manifest.lock */ = {
			isa = PBXShellScriptBuildPhase;
			buildActionMask = 2147483647;
			files = (
			);
			inputFileListPaths = (
			);
			inputPaths = (
				"${PODS_PODFILE_DIR_PATH}/Podfile.lock",
				"${PODS_ROOT}/Manifest.lock",
			);
			name = "[CP] Check Pods Manifest.lock";
			outputFileListPaths = (
			);
			outputPaths = (
				"$(DERIVED_FILE_DIR)/Pods-MusificationUITests-checkManifestLockResult.txt",
			);
			runOnlyForDeploymentPostprocessing = 0;
			shellPath = /bin/sh;
			shellScript = "diff \"${PODS_PODFILE_DIR_PATH}/Podfile.lock\" \"${PODS_ROOT}/Manifest.lock\" > /dev/null\nif [ $? != 0 ] ; then\n    # print error to STDERR\n    echo \"error: The sandbox is not in sync with the Podfile.lock. Run 'pod install' or update your CocoaPods installation.\" >&2\n    exit 1\nfi\n# This output is used by Xcode 'outputs' to avoid re-running this script phase.\necho \"SUCCESS\" > \"${SCRIPT_OUTPUT_FILE_0}\"\n";
			showEnvVarsInLog = 0;
		};
		9D398B89E1D9A926B71873E0 /* [CP] Embed Pods Frameworks */ = {
			isa = PBXShellScriptBuildPhase;
			buildActionMask = 2147483647;
			files = (
			);
			inputFileListPaths = (
			);
			inputPaths = (
				"${SRCROOT}/Pods/Target Support Files/Pods-Musification/Pods-Musification-frameworks.sh",
				"${BUILT_PRODUCTS_DIR}/GoogleToolboxForMac/GoogleToolboxForMac.framework",
			);
			name = "[CP] Embed Pods Frameworks";
			outputFileListPaths = (
			);
			outputPaths = (
				"${TARGET_BUILD_DIR}/${FRAMEWORKS_FOLDER_PATH}/GoogleToolboxForMac.framework",
			);
			runOnlyForDeploymentPostprocessing = 0;
			shellPath = /bin/sh;
			shellScript = "\"${SRCROOT}/Pods/Target Support Files/Pods-Musification/Pods-Musification-frameworks.sh\"\n";
			showEnvVarsInLog = 0;
		};
/* End PBXShellScriptBuildPhase section */

/* Begin PBXSourcesBuildPhase section */
		5A9F4A6721D6B02700731D7E /* Sources */ = {
			isa = PBXSourcesBuildPhase;
			buildActionMask = 2147483647;
			files = (
				5A907BC12245FA0600E9CF75 /* DataParsable.swift in Sources */,
				5AD30D7B21E1578C0066BFA6 /* ArtistsVC.swift in Sources */,
				5A9F4A9F21D7E81D00731D7E /* CustomToolbar.swift in Sources */,
				5A9F4A7121D6B02700731D7E /* GenresVC.swift in Sources */,
				5A907BAF22440F9800E9CF75 /* MusicRequest.swift in Sources */,
				5A9F4A9D21D6B2E100731D7E /* Colors.swift in Sources */,
				5A907BBC2245F73400E9CF75 /* Song.swift in Sources */,
				5A907BC32246867200E9CF75 /* SongsVC.swift in Sources */,
				5A907BBE2245F73A00E9CF75 /* Artist.swift in Sources */,
				5AB6844C224F906E00C8D2C1 /* TrackArtistVC.swift in Sources */,
				5A907BB1224410E900E9CF75 /* HttpRequest.swift in Sources */,
				5AB684482246E86200C8D2C1 /* Settings.swift in Sources */,
				5A907BB42244AE8600E9CF75 /* APIKeys.swift in Sources */,
				5A907BB8224556CB00E9CF75 /* CollectionViewCells.swift in Sources */,
				5A9F4A6F21D6B02700731D7E /* AppDelegate.swift in Sources */,
				5A907BBA2245F72C00E9CF75 /* Genre.swift in Sources */,
				5AA0B7352246B1CB00965922 /* UIKitExtensions.swift in Sources */,
			);
			runOnlyForDeploymentPostprocessing = 0;
		};
		5A9F4A7B21D6B02C00731D7E /* Sources */ = {
			isa = PBXSourcesBuildPhase;
			buildActionMask = 2147483647;
			files = (
				5A9F4A8421D6B02C00731D7E /* MusificationTests.swift in Sources */,
			);
			runOnlyForDeploymentPostprocessing = 0;
		};
		5A9F4A8621D6B02C00731D7E /* Sources */ = {
			isa = PBXSourcesBuildPhase;
			buildActionMask = 2147483647;
			files = (
				5A9F4A8F21D6B02C00731D7E /* MusificationUITests.swift in Sources */,
			);
			runOnlyForDeploymentPostprocessing = 0;
		};
/* End PBXSourcesBuildPhase section */

/* Begin PBXTargetDependency section */
		5A9F4A8121D6B02C00731D7E /* PBXTargetDependency */ = {
			isa = PBXTargetDependency;
			target = 5A9F4A6A21D6B02700731D7E /* Musification */;
			targetProxy = 5A9F4A8021D6B02C00731D7E /* PBXContainerItemProxy */;
		};
		5A9F4A8C21D6B02C00731D7E /* PBXTargetDependency */ = {
			isa = PBXTargetDependency;
			target = 5A9F4A6A21D6B02700731D7E /* Musification */;
			targetProxy = 5A9F4A8B21D6B02C00731D7E /* PBXContainerItemProxy */;
		};
/* End PBXTargetDependency section */

/* Begin PBXVariantGroup section */
		5A9F4A7221D6B02700731D7E /* Main.storyboard */ = {
			isa = PBXVariantGroup;
			children = (
				5A9F4A7321D6B02700731D7E /* Base */,
			);
			name = Main.storyboard;
			sourceTree = "<group>";
		};
		5A9F4A7721D6B02C00731D7E /* LaunchScreen.storyboard */ = {
			isa = PBXVariantGroup;
			children = (
				5A9F4A7821D6B02C00731D7E /* Base */,
			);
			name = LaunchScreen.storyboard;
			sourceTree = "<group>";
		};
/* End PBXVariantGroup section */

/* Begin XCBuildConfiguration section */
		5A9F4A9121D6B02C00731D7E /* Debug */ = {
			isa = XCBuildConfiguration;
			buildSettings = {
				ALWAYS_SEARCH_USER_PATHS = NO;
				CLANG_ANALYZER_NONNULL = YES;
				CLANG_ANALYZER_NUMBER_OBJECT_CONVERSION = YES_AGGRESSIVE;
				CLANG_CXX_LANGUAGE_STANDARD = "gnu++14";
				CLANG_CXX_LIBRARY = "libc++";
				CLANG_ENABLE_MODULES = YES;
				CLANG_ENABLE_OBJC_ARC = YES;
				CLANG_ENABLE_OBJC_WEAK = YES;
				CLANG_WARN_BLOCK_CAPTURE_AUTORELEASING = YES;
				CLANG_WARN_BOOL_CONVERSION = YES;
				CLANG_WARN_COMMA = YES;
				CLANG_WARN_CONSTANT_CONVERSION = YES;
				CLANG_WARN_DEPRECATED_OBJC_IMPLEMENTATIONS = YES;
				CLANG_WARN_DIRECT_OBJC_ISA_USAGE = YES_ERROR;
				CLANG_WARN_DOCUMENTATION_COMMENTS = YES;
				CLANG_WARN_EMPTY_BODY = YES;
				CLANG_WARN_ENUM_CONVERSION = YES;
				CLANG_WARN_INFINITE_RECURSION = YES;
				CLANG_WARN_INT_CONVERSION = YES;
				CLANG_WARN_NON_LITERAL_NULL_CONVERSION = YES;
				CLANG_WARN_OBJC_IMPLICIT_RETAIN_SELF = YES;
				CLANG_WARN_OBJC_LITERAL_CONVERSION = YES;
				CLANG_WARN_OBJC_ROOT_CLASS = YES_ERROR;
				CLANG_WARN_RANGE_LOOP_ANALYSIS = YES;
				CLANG_WARN_STRICT_PROTOTYPES = YES;
				CLANG_WARN_SUSPICIOUS_MOVE = YES;
				CLANG_WARN_UNGUARDED_AVAILABILITY = YES_AGGRESSIVE;
				CLANG_WARN_UNREACHABLE_CODE = YES;
				CLANG_WARN__DUPLICATE_METHOD_MATCH = YES;
				CODE_SIGN_IDENTITY = "iPhone Developer";
				COPY_PHASE_STRIP = NO;
				DEBUG_INFORMATION_FORMAT = dwarf;
				ENABLE_STRICT_OBJC_MSGSEND = YES;
				ENABLE_TESTABILITY = YES;
				GCC_C_LANGUAGE_STANDARD = gnu11;
				GCC_DYNAMIC_NO_PIC = NO;
				GCC_NO_COMMON_BLOCKS = YES;
				GCC_OPTIMIZATION_LEVEL = 0;
				GCC_PREPROCESSOR_DEFINITIONS = (
					"DEBUG=1",
					"$(inherited)",
				);
				GCC_WARN_64_TO_32_BIT_CONVERSION = YES;
				GCC_WARN_ABOUT_RETURN_TYPE = YES_ERROR;
				GCC_WARN_UNDECLARED_SELECTOR = YES;
				GCC_WARN_UNINITIALIZED_AUTOS = YES_AGGRESSIVE;
				GCC_WARN_UNUSED_FUNCTION = YES;
				GCC_WARN_UNUSED_VARIABLE = YES;
				IPHONEOS_DEPLOYMENT_TARGET = 12.1;
				MTL_ENABLE_DEBUG_INFO = INCLUDE_SOURCE;
				MTL_FAST_MATH = YES;
				ONLY_ACTIVE_ARCH = YES;
				SDKROOT = iphoneos;
				SWIFT_ACTIVE_COMPILATION_CONDITIONS = DEBUG;
				SWIFT_OPTIMIZATION_LEVEL = "-Onone";
			};
			name = Debug;
		};
		5A9F4A9221D6B02C00731D7E /* Release */ = {
			isa = XCBuildConfiguration;
			buildSettings = {
				ALWAYS_SEARCH_USER_PATHS = NO;
				CLANG_ANALYZER_NONNULL = YES;
				CLANG_ANALYZER_NUMBER_OBJECT_CONVERSION = YES_AGGRESSIVE;
				CLANG_CXX_LANGUAGE_STANDARD = "gnu++14";
				CLANG_CXX_LIBRARY = "libc++";
				CLANG_ENABLE_MODULES = YES;
				CLANG_ENABLE_OBJC_ARC = YES;
				CLANG_ENABLE_OBJC_WEAK = YES;
				CLANG_WARN_BLOCK_CAPTURE_AUTORELEASING = YES;
				CLANG_WARN_BOOL_CONVERSION = YES;
				CLANG_WARN_COMMA = YES;
				CLANG_WARN_CONSTANT_CONVERSION = YES;
				CLANG_WARN_DEPRECATED_OBJC_IMPLEMENTATIONS = YES;
				CLANG_WARN_DIRECT_OBJC_ISA_USAGE = YES_ERROR;
				CLANG_WARN_DOCUMENTATION_COMMENTS = YES;
				CLANG_WARN_EMPTY_BODY = YES;
				CLANG_WARN_ENUM_CONVERSION = YES;
				CLANG_WARN_INFINITE_RECURSION = YES;
				CLANG_WARN_INT_CONVERSION = YES;
				CLANG_WARN_NON_LITERAL_NULL_CONVERSION = YES;
				CLANG_WARN_OBJC_IMPLICIT_RETAIN_SELF = YES;
				CLANG_WARN_OBJC_LITERAL_CONVERSION = YES;
				CLANG_WARN_OBJC_ROOT_CLASS = YES_ERROR;
				CLANG_WARN_RANGE_LOOP_ANALYSIS = YES;
				CLANG_WARN_STRICT_PROTOTYPES = YES;
				CLANG_WARN_SUSPICIOUS_MOVE = YES;
				CLANG_WARN_UNGUARDED_AVAILABILITY = YES_AGGRESSIVE;
				CLANG_WARN_UNREACHABLE_CODE = YES;
				CLANG_WARN__DUPLICATE_METHOD_MATCH = YES;
				CODE_SIGN_IDENTITY = "iPhone Developer";
				COPY_PHASE_STRIP = NO;
				DEBUG_INFORMATION_FORMAT = "dwarf-with-dsym";
				ENABLE_NS_ASSERTIONS = NO;
				ENABLE_STRICT_OBJC_MSGSEND = YES;
				GCC_C_LANGUAGE_STANDARD = gnu11;
				GCC_NO_COMMON_BLOCKS = YES;
				GCC_WARN_64_TO_32_BIT_CONVERSION = YES;
				GCC_WARN_ABOUT_RETURN_TYPE = YES_ERROR;
				GCC_WARN_UNDECLARED_SELECTOR = YES;
				GCC_WARN_UNINITIALIZED_AUTOS = YES_AGGRESSIVE;
				GCC_WARN_UNUSED_FUNCTION = YES;
				GCC_WARN_UNUSED_VARIABLE = YES;
				IPHONEOS_DEPLOYMENT_TARGET = 12.1;
				MTL_ENABLE_DEBUG_INFO = NO;
				MTL_FAST_MATH = YES;
				SDKROOT = iphoneos;
				SWIFT_COMPILATION_MODE = wholemodule;
				SWIFT_OPTIMIZATION_LEVEL = "-O";
				VALIDATE_PRODUCT = YES;
			};
			name = Release;
		};
		5A9F4A9421D6B02C00731D7E /* Debug */ = {
			isa = XCBuildConfiguration;
			baseConfigurationReference = B4CD3F92F59D1F67CEAA51F6 /* Pods-Musification.debug.xcconfig */;
			buildSettings = {
				ASSETCATALOG_COMPILER_APPICON_NAME = AppIcon;
				CODE_SIGN_STYLE = Automatic;
				DEVELOPMENT_TEAM = TY9FL99MB7;
				INFOPLIST_FILE = Musification/Info.plist;
				LD_RUNPATH_SEARCH_PATHS = (
					"$(inherited)",
					"@executable_path/Frameworks",
				);
				PRODUCT_BUNDLE_IDENTIFIER = self.Musification.Musification;
				PRODUCT_NAME = "$(TARGET_NAME)";
				SWIFT_VERSION = 4.2;
				TARGETED_DEVICE_FAMILY = "1,2";
			};
			name = Debug;
		};
		5A9F4A9521D6B02C00731D7E /* Release */ = {
			isa = XCBuildConfiguration;
			baseConfigurationReference = 65FC3E1C374557814B9E8489 /* Pods-Musification.release.xcconfig */;
			buildSettings = {
				ASSETCATALOG_COMPILER_APPICON_NAME = AppIcon;
				CODE_SIGN_STYLE = Automatic;
				DEVELOPMENT_TEAM = TY9FL99MB7;
				INFOPLIST_FILE = Musification/Info.plist;
				LD_RUNPATH_SEARCH_PATHS = (
					"$(inherited)",
					"@executable_path/Frameworks",
				);
				PRODUCT_BUNDLE_IDENTIFIER = self.Musification.Musification;
				PRODUCT_NAME = "$(TARGET_NAME)";
				SWIFT_VERSION = 4.2;
				TARGETED_DEVICE_FAMILY = "1,2";
			};
			name = Release;
		};
		5A9F4A9721D6B02C00731D7E /* Debug */ = {
			isa = XCBuildConfiguration;
			baseConfigurationReference = 05EDEB325153B4AA09A4C730 /* Pods-MusificationTests.debug.xcconfig */;
			buildSettings = {
				ALWAYS_EMBED_SWIFT_STANDARD_LIBRARIES = YES;
				BUNDLE_LOADER = "$(TEST_HOST)";
				CODE_SIGN_STYLE = Automatic;
				INFOPLIST_FILE = MusificationTests/Info.plist;
				LD_RUNPATH_SEARCH_PATHS = (
					"$(inherited)",
					"@executable_path/Frameworks",
					"@loader_path/Frameworks",
				);
				PRODUCT_BUNDLE_IDENTIFIER = self.edu.Musification.MusificationTests;
				PRODUCT_NAME = "$(TARGET_NAME)";
				SWIFT_VERSION = 4.2;
				TARGETED_DEVICE_FAMILY = "1,2";
				TEST_HOST = "$(BUILT_PRODUCTS_DIR)/Musification.app/Musification";
			};
			name = Debug;
		};
		5A9F4A9821D6B02C00731D7E /* Release */ = {
			isa = XCBuildConfiguration;
			baseConfigurationReference = 280DF19FE1CB34FC05715247 /* Pods-MusificationTests.release.xcconfig */;
			buildSettings = {
				ALWAYS_EMBED_SWIFT_STANDARD_LIBRARIES = YES;
				BUNDLE_LOADER = "$(TEST_HOST)";
				CODE_SIGN_STYLE = Automatic;
				INFOPLIST_FILE = MusificationTests/Info.plist;
				LD_RUNPATH_SEARCH_PATHS = (
					"$(inherited)",
					"@executable_path/Frameworks",
					"@loader_path/Frameworks",
				);
				PRODUCT_BUNDLE_IDENTIFIER = self.edu.Musification.MusificationTests;
				PRODUCT_NAME = "$(TARGET_NAME)";
				SWIFT_VERSION = 4.2;
				TARGETED_DEVICE_FAMILY = "1,2";
				TEST_HOST = "$(BUILT_PRODUCTS_DIR)/Musification.app/Musification";
			};
			name = Release;
		};
		5A9F4A9A21D6B02C00731D7E /* Debug */ = {
			isa = XCBuildConfiguration;
			baseConfigurationReference = 5DDC4CF409C79830F0C73ACB /* Pods-MusificationUITests.debug.xcconfig */;
			buildSettings = {
				ALWAYS_EMBED_SWIFT_STANDARD_LIBRARIES = YES;
				CODE_SIGN_STYLE = Automatic;
				INFOPLIST_FILE = MusificationUITests/Info.plist;
				LD_RUNPATH_SEARCH_PATHS = (
					"$(inherited)",
					"@executable_path/Frameworks",
					"@loader_path/Frameworks",
				);
				PRODUCT_BUNDLE_IDENTIFIER = self.edu.Musification.MusificationUITests;
				PRODUCT_NAME = "$(TARGET_NAME)";
				SWIFT_VERSION = 4.2;
				TARGETED_DEVICE_FAMILY = "1,2";
				TEST_TARGET_NAME = Musification;
			};
			name = Debug;
		};
		5A9F4A9B21D6B02C00731D7E /* Release */ = {
			isa = XCBuildConfiguration;
			baseConfigurationReference = F1028044AC08515832092F8B /* Pods-MusificationUITests.release.xcconfig */;
			buildSettings = {
				ALWAYS_EMBED_SWIFT_STANDARD_LIBRARIES = YES;
				CODE_SIGN_STYLE = Automatic;
				INFOPLIST_FILE = MusificationUITests/Info.plist;
				LD_RUNPATH_SEARCH_PATHS = (
					"$(inherited)",
					"@executable_path/Frameworks",
					"@loader_path/Frameworks",
				);
				PRODUCT_BUNDLE_IDENTIFIER = self.edu.Musification.MusificationUITests;
				PRODUCT_NAME = "$(TARGET_NAME)";
				SWIFT_VERSION = 4.2;
				TARGETED_DEVICE_FAMILY = "1,2";
				TEST_TARGET_NAME = Musification;
			};
			name = Release;
		};
/* End XCBuildConfiguration section */

/* Begin XCConfigurationList section */
		5A9F4A6621D6B02700731D7E /* Build configuration list for PBXProject "Musification" */ = {
			isa = XCConfigurationList;
			buildConfigurations = (
				5A9F4A9121D6B02C00731D7E /* Debug */,
				5A9F4A9221D6B02C00731D7E /* Release */,
			);
			defaultConfigurationIsVisible = 0;
			defaultConfigurationName = Release;
		};
		5A9F4A9321D6B02C00731D7E /* Build configuration list for PBXNativeTarget "Musification" */ = {
			isa = XCConfigurationList;
			buildConfigurations = (
				5A9F4A9421D6B02C00731D7E /* Debug */,
				5A9F4A9521D6B02C00731D7E /* Release */,
			);
			defaultConfigurationIsVisible = 0;
			defaultConfigurationName = Release;
		};
		5A9F4A9621D6B02C00731D7E /* Build configuration list for PBXNativeTarget "MusificationTests" */ = {
			isa = XCConfigurationList;
			buildConfigurations = (
				5A9F4A9721D6B02C00731D7E /* Debug */,
				5A9F4A9821D6B02C00731D7E /* Release */,
			);
			defaultConfigurationIsVisible = 0;
			defaultConfigurationName = Release;
		};
		5A9F4A9921D6B02C00731D7E /* Build configuration list for PBXNativeTarget "MusificationUITests" */ = {
			isa = XCConfigurationList;
			buildConfigurations = (
				5A9F4A9A21D6B02C00731D7E /* Debug */,
				5A9F4A9B21D6B02C00731D7E /* Release */,
			);
			defaultConfigurationIsVisible = 0;
			defaultConfigurationName = Release;
		};
/* End XCConfigurationList section */
	};
	rootObject = 5A9F4A6321D6B02700731D7E /* Project object */;
}
